# THIS IS AN AUTOGENERATED FILE. DO NOT EDIT THIS FILE DIRECTLY.
# yarn lockfile v1


"@inquirer/checkbox@^2.4.5":
  version "2.4.5"
  resolved "https://npm.xiguacity.cn/@inquirer/checkbox/-/checkbox-2.4.5.tgz#9ac5391a3d9b8d6fb8f5bfa4f6d85ac157aae190"
  integrity sha512-+YlCyS6JBWeZugIvReh/YL5HJcowlklz5RykQuYKQfgWQeCJh5Us0nWcRddvIVkjmYa0I/8bwWioSLu850J8sA==
  dependencies:
    "@inquirer/core" "^9.0.8"
    "@inquirer/figures" "^1.0.5"
    "@inquirer/type" "^1.5.1"
    ansi-escapes "^4.3.2"
    yoctocolors-cjs "^2.1.2"

"@inquirer/confirm@^3.1.20":
  version "3.1.20"
  resolved "https://npm.xiguacity.cn/@inquirer/confirm/-/confirm-3.1.20.tgz#8fa3eb814b4e433fa109b6b91b797633e7f7665e"
  integrity sha512-UvG5Plh0MfCqUvZB8RKzBBEWB/EeMzO59Awy/Jg4NgeSjIPqhPaQFnnmxiyWUTwZh4uENB7wCklEFUwckioXWg==
  dependencies:
    "@inquirer/core" "^9.0.8"
    "@inquirer/type" "^1.5.1"

"@inquirer/core@^9.0.8":
  version "9.0.8"
  resolved "https://npm.xiguacity.cn/@inquirer/core/-/core-9.0.8.tgz#18458c637879f1ea0c7919b7e9a8786fa2082db9"
  integrity sha512-ttnI/BGlP9SxjbQnv1nssv7dPAwiR82KmjJZx2SxSZyi2mGbaEvh4jg0I4yU/4mVQf7QvCVGGr/hGuJFEYhwnw==
  dependencies:
    "@inquirer/figures" "^1.0.5"
    "@inquirer/type" "^1.5.1"
    "@types/mute-stream" "^0.0.4"
    "@types/node" "^22.0.0"
    "@types/wrap-ansi" "^3.0.0"
    ansi-escapes "^4.3.2"
    cli-spinners "^2.9.2"
    cli-width "^4.1.0"
    mute-stream "^1.0.0"
    signal-exit "^4.1.0"
    strip-ansi "^6.0.1"
    wrap-ansi "^6.2.0"
    yoctocolors-cjs "^2.1.2"

"@inquirer/editor@^2.1.20":
  version "2.1.20"
  resolved "https://npm.xiguacity.cn/@inquirer/editor/-/editor-2.1.20.tgz#1742e83de76b4b5fb49fe91fbefff0fafb787a13"
  integrity sha512-vtIN9NwXldX8SWbPt5biJhnTpHJCzF5nSymcv4hcOxiCrOpXmgOvFYGpAY729KODF+5e1OLqPbJ8ApiwPu/peQ==
  dependencies:
    "@inquirer/core" "^9.0.8"
    "@inquirer/type" "^1.5.1"
    external-editor "^3.1.0"

"@inquirer/expand@^2.1.20":
  version "2.1.20"
  resolved "https://npm.xiguacity.cn/@inquirer/expand/-/expand-2.1.20.tgz#0d5698d6951f4afabbcf9c02a727da9d21633497"
  integrity sha512-ruUTCUGKhe6TvDM3/gKjX9v7D5cWbiuawFE6aF/cFmNO79R/zMjrFFVoueDM8FRw8yXqnREb0jFkYF1LUxnDNA==
  dependencies:
    "@inquirer/core" "^9.0.8"
    "@inquirer/type" "^1.5.1"
    yoctocolors-cjs "^2.1.2"

"@inquirer/figures@^1.0.5":
  version "1.0.5"
  resolved "https://npm.xiguacity.cn/@inquirer/figures/-/figures-1.0.5.tgz#57f9a996d64d3e3345d2a3ca04d36912e94f8790"
  integrity sha512-79hP/VWdZ2UVc9bFGJnoQ/lQMpL74mGgzSYX1xUqCVk7/v73vJCMw1VuyWN1jGkZ9B3z7THAbySqGbCNefcjfA==

"@inquirer/input@^2.2.7":
  version "2.2.7"
  resolved "https://npm.xiguacity.cn/@inquirer/input/-/input-2.2.7.tgz#87a922243a6c833ee5f1d4a6102c68b3cee9f19d"
  integrity sha512-QFk31Gq4Wr+Ve9ilMiFGGrSjGZQBilV0cgTN1zubD98Bx65fsNrh8++Biy/9mjNKRaqHFbZBw5baAcQvOmW8OQ==
  dependencies:
    "@inquirer/core" "^9.0.8"
    "@inquirer/type" "^1.5.1"

"@inquirer/number@^1.0.8":
  version "1.0.8"
  resolved "https://npm.xiguacity.cn/@inquirer/number/-/number-1.0.8.tgz#46d7380cd8ae99a8d36047e255c522bc17126195"
  integrity sha512-GamytM0a3fLh8xjgWbGb/DmDA1SmW6sc6ZyfiiWL1my2NAkV6mrTEKMOA4LSK2gB43uf8vcOS7Hp/LeVjIqLwg==
  dependencies:
    "@inquirer/core" "^9.0.8"
    "@inquirer/type" "^1.5.1"

"@inquirer/password@^2.1.20":
  version "2.1.20"
  resolved "https://npm.xiguacity.cn/@inquirer/password/-/password-2.1.20.tgz#834d9cd5448299715927122914089840b7036b00"
  integrity sha512-il2TG7xDlfiLE3cnOCxfDfrwvsiSmXjVd26hvf4tdzHvdisgLiEjbN6mi51/TnlSQ+2Qc69+9jIq3ws93nhS2w==
  dependencies:
    "@inquirer/core" "^9.0.8"
    "@inquirer/type" "^1.5.1"
    ansi-escapes "^4.3.2"

"@inquirer/prompts@^5.3.6":
  version "5.3.6"
  resolved "https://npm.xiguacity.cn/@inquirer/prompts/-/prompts-5.3.6.tgz#f6ebfae03365ad5ff2c4098d678093a8dc6d6ec7"
  integrity sha512-go5DXxasCIZvztWapYPUSFXg7GceDSQPM1ew3MahFF7degA5kfIVe5kB4KAlARXt83fApyEczvE1H4bh0HLObA==
  dependencies:
    "@inquirer/checkbox" "^2.4.5"
    "@inquirer/confirm" "^3.1.20"
    "@inquirer/editor" "^2.1.20"
    "@inquirer/expand" "^2.1.20"
    "@inquirer/input" "^2.2.7"
    "@inquirer/number" "^1.0.8"
    "@inquirer/password" "^2.1.20"
    "@inquirer/rawlist" "^2.2.2"
    "@inquirer/search" "^1.0.5"
    "@inquirer/select" "^2.4.5"

"@inquirer/rawlist@^2.2.2":
  version "2.2.2"
  resolved "https://npm.xiguacity.cn/@inquirer/rawlist/-/rawlist-2.2.2.tgz#4fc9a078b1b85316269835d810bf0898f693871e"
  integrity sha512-U4OsvqjdLB6nmf5ZDshPYMq0b+qd6JWxTrvRTiMfwUY6cFxkR9YWKarLXFhndf7tawQ8f3DwU9P9wryDc2ESSA==
  dependencies:
    "@inquirer/core" "^9.0.8"
    "@inquirer/type" "^1.5.1"
    yoctocolors-cjs "^2.1.2"

"@inquirer/search@^1.0.5":
  version "1.0.5"
  resolved "https://npm.xiguacity.cn/@inquirer/search/-/search-1.0.5.tgz#d715e16ed4b5d90f58a28f8f0d08bd99f82098f7"
  integrity sha512-25nyVAbO0NwFZTXP/cW++W1QGHlHY+hmsehMM1sPKvp4wYcxMQcm6xNCor0bU2Pv/L33IkPV/NV9SuJyFC85EQ==
  dependencies:
    "@inquirer/core" "^9.0.8"
    "@inquirer/figures" "^1.0.5"
    "@inquirer/type" "^1.5.1"
    yoctocolors-cjs "^2.1.2"

"@inquirer/select@^2.4.5":
  version "2.4.5"
  resolved "https://npm.xiguacity.cn/@inquirer/select/-/select-2.4.5.tgz#365341ee5c2f80ed48b8ed5cf2bdd6c456067ab8"
  integrity sha512-DbCthH3l7vrrK+Ewll3bgzxC3dzMle8xkWYta4if31p9NOmFNhZKhSfdYMjaOtGFBCUEwo4D5LMgN6sPKgUWIw==
  dependencies:
    "@inquirer/core" "^9.0.8"
    "@inquirer/figures" "^1.0.5"
    "@inquirer/type" "^1.5.1"
    ansi-escapes "^4.3.2"
    yoctocolors-cjs "^2.1.2"

"@inquirer/type@^1.5.1":
  version "1.5.1"
  resolved "https://npm.xiguacity.cn/@inquirer/type/-/type-1.5.1.tgz#cdd36732e38ea5d2b1a4336aada65ebe7d2765e0"
  integrity sha512-m3YgGQlKNS0BM+8AFiJkCsTqHEFCWn6s/Rqye3mYwvqY6LdfUv12eSwbsgNzrYyrLXiy7IrrjDLPysaSBwEfhw==
  dependencies:
    mute-stream "^1.0.0"

"@types/mute-stream@^0.0.4":
  version "0.0.4"
  resolved "https://npm.xiguacity.cn/@types/mute-stream/-/mute-stream-0.0.4.tgz#77208e56a08767af6c5e1237be8888e2f255c478"
  integrity sha512-CPM9nzrCPPJHQNA9keH9CVkVI+WR5kMa+7XEs5jcGQ0VoAGnLv242w8lIVgwAEfmE4oufJRaTc9PNLQl0ioAow==
  dependencies:
    "@types/node" "*"

"@types/node@*", "@types/node@^22.0.0", "@types/node@^22.1.0":
  version "22.1.0"
  resolved "https://npm.xiguacity.cn/@types/node/-/node-22.1.0.tgz#6d6adc648b5e03f0e83c78dc788c2b037d0ad94b"
  integrity sha512-AOmuRF0R2/5j1knA3c6G3HOk523Ga+l+ZXltX8SF1+5oqcXijjfTd8fY3XRZqSihEu9XhtQnKYLmkFaoxgsJHw==
  dependencies:
    undici-types "~6.13.0"

"@types/wrap-ansi@^3.0.0":
  version "3.0.0"
  resolved "https://npm.xiguacity.cn/@types/wrap-ansi/-/wrap-ansi-3.0.0.tgz#18b97a972f94f60a679fd5c796d96421b9abb9fd"
  integrity sha1-GLl6ly+U9gpnn9XHltlkIbmruf0=

ansi-escapes@^4.3.2:
  version "4.3.2"
  resolved "https://npm.xiguacity.cn/ansi-escapes/-/ansi-escapes-4.3.2.tgz#6b2291d1db7d98b6521d5f1efa42d0f3a9feb65e"
  integrity sha1-ayKR0dt9mLZSHV8e+kLQ86n+tl4=
  dependencies:
    type-fest "^0.21.3"

ansi-regex@^5.0.1:
  version "5.0.1"
  resolved "https://npm.xiguacity.cn/ansi-regex/-/ansi-regex-5.0.1.tgz#082cb2c89c9fe8659a311a53bd6a4dc5301db304"
  integrity sha1-CCyyyJyf6GWaMRpTvWpNxTAdswQ=

ansi-styles@^4.0.0, ansi-styles@^4.1.0:
  version "4.3.0"
  resolved "https://npm.xiguacity.cn/ansi-styles/-/ansi-styles-4.3.0.tgz#edd803628ae71c04c85ae7a0906edad34b648937"
  integrity sha1-7dgDYornHATIWuegkG7a00tkiTc=
  dependencies:
    color-convert "^2.0.1"

chalk@^4.1.2:
  version "4.1.2"
  resolved "https://npm.xiguacity.cn/chalk/-/chalk-4.1.2.tgz#aac4e2b7734a740867aeb16bf02aad556a1e7a01"
  integrity sha1-qsTit3NKdAhnrrFr8CqtVWoeegE=
  dependencies:
    ansi-styles "^4.1.0"
    supports-color "^7.1.0"

chardet@^0.7.0:
  version "0.7.0"
  resolved "https://npm.xiguacity.cn/chardet/-/chardet-0.7.0.tgz#90094849f0937f2eedc2425d0d28a9e5f0cbad9e"
  integrity sha1-kAlISfCTfy7twkJdDSip5fDLrZ4=

cli-spinners@^2.9.2:
  version "2.9.2"
  resolved "https://npm.xiguacity.cn/cli-spinners/-/cli-spinners-2.9.2.tgz#1773a8f4b9c4d6ac31563df53b3fc1d79462fe41"
  integrity sha512-ywqV+5MmyL4E7ybXgKys4DugZbX0FC6LnwrhjuykIjnK9k8OQacQ7axGKnjDXWNhns0xot3bZI5h55H8yo9cJg==

cli-width@^4.1.0:
  version "4.1.0"
  resolved "https://npm.xiguacity.cn/cli-width/-/cli-width-4.1.0.tgz#42daac41d3c254ef38ad8ac037672130173691c5"
  integrity sha512-ouuZd4/dm2Sw5Gmqy6bGyNNNe1qt9RpmxveLSO7KcgsTnU7RXfsw+/bukWGo1abgBiMAic068rclZsO4IWmmxQ==

color-convert@^2.0.1:
  version "2.0.1"
  resolved "https://npm.xiguacity.cn/color-convert/-/color-convert-2.0.1.tgz#72d3a68d598c9bdb3af2ad1e84f21d896abd4de3"
  integrity sha1-ctOmjVmMm9s68q0ehPIdiWq9TeM=
  dependencies:
    color-name "~1.1.4"

color-name@~1.1.4:
  version "1.1.4"
  resolved "https://npm.xiguacity.cn/color-name/-/color-name-1.1.4.tgz#c2a09a87acbde69543de6f63fa3995c826c536a2"
  integrity sha1-wqCah6y95pVD3m9j+jmVyCbFNqI=

commander@^12.1.0:
  version "12.1.0"
  resolved "https://npm.xiguacity.cn/commander/-/commander-12.1.0.tgz#01423b36f501259fdaac4d0e4d60c96c991585d3"
  integrity sha512-Vw8qHK3bZM9y/P10u3Vib8o/DdkvA2OtPtZvD871QKjy74Wj1WSKFILMPRPSdUSx5RFK1arlJzEtA4PkFgnbuA==

core-util-is@~1.0.0:
  version "1.0.3"
  resolved "https://npm.xiguacity.cn/core-util-is/-/core-util-is-1.0.3.tgz"
  integrity sha1-pgQtNjTCsn6TKPg3uWX6yDgI24U=

emoji-regex@^8.0.0:
  version "8.0.0"
  resolved "https://npm.xiguacity.cn/emoji-regex/-/emoji-regex-8.0.0.tgz#e818fd69ce5ccfcb404594f842963bf53164cc37"
  integrity sha1-6Bj9ac5cz8tARZT4QpY79TFkzDc=

external-editor@^3.1.0:
  version "3.1.0"
  resolved "https://npm.xiguacity.cn/external-editor/-/external-editor-3.1.0.tgz#cb03f740befae03ea4d283caed2741a83f335495"
  integrity sha1-ywP3QL764D6k0oPK7SdBqD8zVJU=
  dependencies:
    chardet "^0.7.0"
    iconv-lite "^0.4.24"
    tmp "^0.0.33"

has-flag@^4.0.0:
  version "4.0.0"
  resolved "https://npm.xiguacity.cn/has-flag/-/has-flag-4.0.0.tgz#944771fd9c81c81265c4d6941860da06bb59479b"
  integrity sha1-lEdx/ZyByBJlxNaUGGDaBrtZR5s=

iconv-lite@^0.4.24:
  version "0.4.24"
  resolved "https://npm.xiguacity.cn/iconv-lite/-/iconv-lite-0.4.24.tgz#2022b4b25fbddc21d2f524974a474aafe733908b"
  integrity sha1-ICK0sl+93CHS9SSXSkdKr+czkIs=
  dependencies:
    safer-buffer ">= 2.1.2 < 3"

immediate@~3.0.5:
  version "3.0.6"
  resolved "https://npm.xiguacity.cn/immediate/-/immediate-3.0.6.tgz"
  integrity sha1-nbHb0Pr43m++D13V5Wu2BigN5ps=

inherits@~2.0.3:
  version "2.0.4"
  resolved "https://npm.xiguacity.cn/inherits/-/inherits-2.0.4.tgz"
  integrity sha1-D6LGT5MpF8NDOg3tVTY6rjdBa3w=

inquirer@^10.1.6:
  version "10.1.6"
  resolved "https://npm.xiguacity.cn/inquirer/-/inquirer-10.1.6.tgz#333b0adb084f2114cad85ecd868a6f36246553d0"
  integrity sha512-TDqkT2B9MpzzsuJYi139mJDmhRwE9iJejdIy4hWIDmBkmkg8aKB0O4F2/Dz1Zex77zyqm9GrYK1xFhlD6yn4zg==
  dependencies:
    "@inquirer/prompts" "^5.3.6"
    "@inquirer/type" "^1.5.1"
    "@types/mute-stream" "^0.0.4"
    ansi-escapes "^4.3.2"
    mute-stream "^1.0.0"
    run-async "^3.0.0"
    rxjs "^7.8.1"

is-fullwidth-code-point@^3.0.0:
  version "3.0.0"
  resolved "https://npm.xiguacity.cn/is-fullwidth-code-point/-/is-fullwidth-code-point-3.0.0.tgz#f116f8064fe90b3f7844a38997c0b75051269f1d"
  integrity sha1-8Rb4Bk/pCz94RKOJl8C3UFEmnx0=

isarray@~1.0.0:
  version "1.0.0"
  resolved "https://npm.xiguacity.cn/isarray/-/isarray-1.0.0.tgz"
  integrity sha1-u5NdSFgsuhaMBoNJV6VKPgcSTxE=

jszip@^3.10.1:
  version "3.10.1"
  resolved "https://npm.xiguacity.cn/jszip/-/jszip-3.10.1.tgz"
  integrity sha512-xXDvecyTpGLrqFrvkrUSoxxfJI5AH7U8zxxtVclpsUtMCq4JQ290LY8AW5c7Ggnr/Y/oK+bQMbqK2qmtk3pN4g==
  dependencies:
    lie "~3.3.0"
    pako "~1.0.2"
    readable-stream "~2.3.6"
    setimmediate "^1.0.5"

lie@~3.3.0:
  version "3.3.0"
  resolved "https://npm.xiguacity.cn/lie/-/lie-3.3.0.tgz"
  integrity sha1-3Pgt7lRfRgdNryAMfBxaCOD0D2o=
  dependencies:
    immediate "~3.0.5"

mute-stream@^1.0.0:
  version "1.0.0"
  resolved "https://npm.xiguacity.cn/mute-stream/-/mute-stream-1.0.0.tgz#e31bd9fe62f0aed23520aa4324ea6671531e013e"
  integrity sha512-avsJQhyd+680gKXyG/sQc0nXaC6rBkPOfyHYcFb9+hdkqQkR9bdnkJ0AMZhke0oesPqIO+mFFJ+IdBc7mst4IA==

os-tmpdir@~1.0.2:
  version "1.0.2"
  resolved "https://npm.xiguacity.cn/os-tmpdir/-/os-tmpdir-1.0.2.tgz#bbe67406c79aa85c5cfec766fe5734555dfa1274"
  integrity sha1-u+Z0BseaqFxc/sdm/lc0VV36EnQ=

pako@~1.0.2:
  version "1.0.11"
  resolved "https://npm.xiguacity.cn/pako/-/pako-1.0.11.tgz"
  integrity sha1-bJWZ00DVTf05RjgCUqNXBaa5kr8=

process-nextick-args@~2.0.0:
  version "2.0.1"
  resolved "https://npm.xiguacity.cn/process-nextick-args/-/process-nextick-args-2.0.1.tgz"
  integrity sha1-eCDZsWEgzFXKmud5JoCufbptf+I=

readable-stream@~2.3.6:
  version "2.3.8"
  resolved "https://npm.xiguacity.cn/readable-stream/-/readable-stream-2.3.8.tgz"
  integrity sha512-8p0AUk4XODgIewSi0l8Epjs+EVnWiK7NoDIEGU0HhE7+ZyY8D1IMY7odu5lRrFXGg71L15KG8QrPmum45RTtdA==
  dependencies:
    core-util-is "~1.0.0"
    inherits "~2.0.3"
    isarray "~1.0.0"
    process-nextick-args "~2.0.0"
    safe-buffer "~5.1.1"
    string_decoder "~1.1.1"
    util-deprecate "~1.0.1"

run-async@^3.0.0:
  version "3.0.0"
  resolved "https://npm.xiguacity.cn/run-async/-/run-async-3.0.0.tgz#42a432f6d76c689522058984384df28be379daad"
  integrity sha512-540WwVDOMxA6dN6We19EcT9sc3hkXPw5mzRNGM3FkdN/vtE9NFvj5lFAPNwUDmJjXidm3v7TC1cTE7t17Ulm1Q==

rxjs@^7.8.1:
  version "7.8.1"
  resolved "https://npm.xiguacity.cn/rxjs/-/rxjs-7.8.1.tgz#6f6f3d99ea8044291efd92e7c7fcf562c4057543"
  integrity sha512-AA3TVj+0A2iuIoQkWEK/tqFjBq2j+6PO6Y0zJcvzLAFhEFIO3HL0vls9hWLncZbAAbK0mar7oZ4V079I/qPMxg==
  dependencies:
    tslib "^2.1.0"

safe-buffer@~5.1.0, safe-buffer@~5.1.1:
  version "5.1.2"
  resolved "https://npm.xiguacity.cn/safe-buffer/-/safe-buffer-5.1.2.tgz"
  integrity sha1-mR7GnSluAxN0fVm9/St0XDX4go0=

"safer-buffer@>= 2.1.2 < 3":
  version "2.1.2"
  resolved "https://npm.xiguacity.cn/safer-buffer/-/safer-buffer-2.1.2.tgz#44fa161b0187b9549dd84bb91802f9bd8385cd6a"
  integrity sha1-RPoWGwGHuVSd2Eu5GAL5vYOFzWo=

setimmediate@^1.0.5:
  version "1.0.5"
  resolved "https://npm.xiguacity.cn/setimmediate/-/setimmediate-1.0.5.tgz"
  integrity sha1-KQy7Iy4waULX1+qbg3Mqt4VvgoU=

signal-exit@^4.1.0:
  version "4.1.0"
  resolved "https://npm.xiguacity.cn/signal-exit/-/signal-exit-4.1.0.tgz#952188c1cbd546070e2dd20d0f41c0ae0530cb04"
  integrity sha512-bzyZ1e88w9O1iNJbKnOlvYTrWPDl46O1bG0D3XInv+9tkPrxrN8jUUTiFlDkkmKWgn1M6CfIA13SuGqOa9Korw==

string-width@^4.1.0:
  version "4.2.3"
  resolved "https://npm.xiguacity.cn/string-width/-/string-width-4.2.3.tgz#269c7117d27b05ad2e536830a8ec895ef9c6d010"
  integrity sha1-JpxxF9J7Ba0uU2gwqOyJXvnG0BA=
  dependencies:
    emoji-regex "^8.0.0"
    is-fullwidth-code-point "^3.0.0"
    strip-ansi "^6.0.1"

string_decoder@~1.1.1:
  version "1.1.1"
  resolved "https://npm.xiguacity.cn/string_decoder/-/string_decoder-1.1.1.tgz"
  integrity sha1-nPFhG6YmhdcDCunkujQUnDrwP8g=
  dependencies:
    safe-buffer "~5.1.0"

strip-ansi@^6.0.0, strip-ansi@^6.0.1:
  version "6.0.1"
  resolved "https://npm.xiguacity.cn/strip-ansi/-/strip-ansi-6.0.1.tgz#9e26c63d30f53443e9489495b2105d37b67a85d9"
  integrity sha1-nibGPTD1NEPpSJSVshBdN7Z6hdk=
  dependencies:
    ansi-regex "^5.0.1"

supports-color@^7.1.0:
  version "7.2.0"
  resolved "https://npm.xiguacity.cn/supports-color/-/supports-color-7.2.0.tgz#1b7dcdcb32b8138801b3e478ba6a51caa89648da"
  integrity sha1-G33NyzK4E4gBs+R4umpRyqiWSNo=
  dependencies:
    has-flag "^4.0.0"

tmp@^0.0.33:
  version "0.0.33"
  resolved "https://npm.xiguacity.cn/tmp/-/tmp-0.0.33.tgz#6d34335889768d21b2bcda0aa277ced3b1bfadf9"
  integrity sha1-bTQzWIl2jSGyvNoKonfO07G/rfk=
  dependencies:
    os-tmpdir "~1.0.2"

tslib@^2.1.0:
  version "2.6.3"
  resolved "https://npm.xiguacity.cn/tslib/-/tslib-2.6.3.tgz#0438f810ad7a9edcde7a241c3d80db693c8cbfe0"
  integrity sha512-xNvxJEOUiWPGhUuUdQgAJPKOOJfGnIyKySOc09XkKsgdUV/3E2zvwZYdejjmRgPCgcym1juLH3226yA7sEFJKQ==

type-fest@^0.21.3:
  version "0.21.3"
  resolved "https://npm.xiguacity.cn/type-fest/-/type-fest-0.21.3.tgz#d260a24b0198436e133fa26a524a6d65fa3b2e37"
  integrity sha1-0mCiSwGYQ24TP6JqUkptZfo7Ljc=

typescript@^5.5.4:
  version "5.5.4"
  resolved "https://npm.xiguacity.cn/typescript/-/typescript-5.5.4.tgz#d9852d6c82bad2d2eda4fd74a5762a8f5909e9ba"
  integrity sha512-Mtq29sKDAEYP7aljRgtPOpTvOfbwRWlS6dPRzwjdE+C0R4brX/GUyhHSecbHMFLNBLcJIPt9nl9yG5TZ1weH+Q==

undici-types@~6.13.0:
  version "6.13.0"
  resolved "https://npm.xiguacity.cn/undici-types/-/undici-types-6.13.0.tgz#e3e79220ab8c81ed1496b5812471afd7cf075ea5"
  integrity sha512-xtFJHudx8S2DSoujjMd1WeWvn7KKWFRESZTMeL1RptAYERu29D6jphMjjY+vn96jvN3kVPDNxU/E13VTaXj6jg==

util-deprecate@~1.0.1:
  version "1.0.2"
  resolved "https://npm.xiguacity.cn/util-deprecate/-/util-deprecate-1.0.2.tgz"
  integrity sha1-RQ1Nyfpw3nMnYvvS1KKJgUGaDM8=

wrap-ansi@^6.2.0:
  version "6.2.0"
  resolved "https://npm.xiguacity.cn/wrap-ansi/-/wrap-ansi-6.2.0.tgz#e9393ba07102e6c91a3b221478f0257cd2856e53"
  integrity sha1-6Tk7oHEC5skaOyIUePAlfNKFblM=
  dependencies:
    ansi-styles "^4.0.0"
    string-width "^4.1.0"
    strip-ansi "^6.0.0"

yoctocolors-cjs@^2.1.2:
  version "2.1.2"
  resolved "https://npm.xiguacity.cn/yoctocolors-cjs/-/yoctocolors-cjs-2.1.2.tgz#f4b905a840a37506813a7acaa28febe97767a242"
  integrity sha512-cYVsTjKl8b+FrnidjibDWskAv7UKOfcwaVZdp/it9n1s9fU3IkgDbhdIRKCW4JDsAlECJY0ytoVPT3sK6kideA==
